
Microsoft Visual Studio Solution File, Format Version 12.00
# Visual Studio 2013
VisualStudioVersion = 12.0.21005.1
MinimumVisualStudioVersion = 10.0.40219.1
Project("{FAE04EC0-301F-11D3-BF4B-00C04F79EFBC}") = "operaçoes basicas", "operaçoes basicas\operaçoes basicas.csproj", "{29E55A3A-C93A-4FDE-9D1F-C2C333C2A9EE}"
EndProject
Global
	GlobalSection(SolutionConfigurationPlatforms) = preSolution
		Debug|Any CPU = Debug|Any CPU
		Release|Any CPU = Release|Any CPU
	EndGlobalSection
	GlobalSection(ProjectConfigurationPlatforms) = postSolution
		{29E55A3A-C93A-4FDE-9D1F-C2C333C2A9EE}.Debug|Any CPU.ActiveCfg = Debug|Any CPU
		{29E55A3A-C93A-4FDE-9D1F-C2C333C2A9EE}.Debug|Any CPU.Build.0 = Debug|Any CPU
		{29E55A3A-C93A-4FDE-9D1F-C2C333C2A9EE}.Release|Any CPU.ActiveCfg = Release|Any CPU
		{29E55A3A-C93A-4FDE-9D1F-C2C333C2A9EE}.Release|Any CPU.Build.0 = Release|Any CPU
	EndGlobalSection
	GlobalSection(SolutionProperties) = preSolution
		HideSolutionNode = FALSE
	EndGlobalSection
EndGlobal
